// !$*UTF8*$!
{
	archiveVersion = 1;
	classes = {
	};
	objectVersion = 56;
	objects = {

/* Begin PBXBuildFile section */
		2844EB252B9D0963009903B3 /* fetch_take_home_test_iosApp.swift in Sources */ = {isa = PBXBuildFile; fileRef = 2844EB242B9D0963009903B3 /* fetch_take_home_test_iosApp.swift */; };
		2844EB272B9D0963009903B3 /* ContentView.swift in Sources */ = {isa = PBXBuildFile; fileRef = 2844EB262B9D0963009903B3 /* ContentView.swift */; };
		2844EB292B9D0965009903B3 /* Assets.xcassets in Resources */ = {isa = PBXBuildFile; fileRef = 2844EB282B9D0965009903B3 /* Assets.xcassets */; };
		2844EB2C2B9D0965009903B3 /* Preview Assets.xcassets in Resources */ = {isa = PBXBuildFile; fileRef = 2844EB2B2B9D0965009903B3 /* Preview Assets.xcassets */; };
		2844EB362B9D0965009903B3 /* fetch_take_home_test_iosTests.swift in Sources */ = {isa = PBXBuildFile; fileRef = 2844EB352B9D0965009903B3 /* fetch_take_home_test_iosTests.swift */; };
		2844EB402B9D0965009903B3 /* fetch_take_home_test_iosUITests.swift in Sources */ = {isa = PBXBuildFile; fileRef = 2844EB3F2B9D0965009903B3 /* fetch_take_home_test_iosUITests.swift */; };
		2844EB422B9D0965009903B3 /* fetch_take_home_test_iosUITestsLaunchTests.swift in Sources */ = {isa = PBXBuildFile; fileRef = 2844EB412B9D0965009903B3 /* fetch_take_home_test_iosUITestsLaunchTests.swift */; };
/* End PBXBuildFile section */

/* Begin PBXContainerItemProxy section */
		2844EB322B9D0965009903B3 /* PBXContainerItemProxy */ = {
			isa = PBXContainerItemProxy;
			containerPortal = 2844EB192B9D0963009903B3 /* Project object */;
			proxyType = 1;
			remoteGlobalIDString = 2844EB202B9D0963009903B3;
			remoteInfo = "fetch take home test ios";
		};
		2844EB3C2B9D0965009903B3 /* PBXContainerItemProxy */ = {
			isa = PBXContainerItemProxy;
			containerPortal = 2844EB192B9D0963009903B3 /* Project object */;
			proxyType = 1;
			remoteGlobalIDString = 2844EB202B9D0963009903B3;
			remoteInfo = "fetch take home test ios";
		};
/* End PBXContainerItemProxy section */

/* Begin PBXFileReference section */
		2844EB212B9D0963009903B3 /* fetch take home test ios.app */ = {isa = PBXFileReference; explicitFileType = wrapper.application; includeInIndex = 0; path = "fetch take home test ios.app"; sourceTree = BUILT_PRODUCTS_DIR; };
		2844EB242B9D0963009903B3 /* fetch_take_home_test_iosApp.swift */ = {isa = PBXFileReference; lastKnownFileType = sourcecode.swift; path = fetch_take_home_test_iosApp.swift; sourceTree = "<group>"; };
		2844EB262B9D0963009903B3 /* ContentView.swift */ = {isa = PBXFileReference; lastKnownFileType = sourcecode.swift; path = ContentView.swift; sourceTree = "<group>"; };
		2844EB282B9D0965009903B3 /* Assets.xcassets */ = {isa = PBXFileReference; lastKnownFileType = folder.assetcatalog; path = Assets.xcassets; sourceTree = "<group>"; };
		2844EB2B2B9D0965009903B3 /* Preview Assets.xcassets */ = {isa = PBXFileReference; lastKnownFileType = folder.assetcatalog; path = "Preview Assets.xcassets"; sourceTree = "<group>"; };
		2844EB312B9D0965009903B3 /* fetch take home test iosTests.xctest */ = {isa = PBXFileReference; explicitFileType = wrapper.cfbundle; includeInIndex = 0; path = "fetch take home test iosTests.xctest"; sourceTree = BUILT_PRODUCTS_DIR; };
		2844EB352B9D0965009903B3 /* fetch_take_home_test_iosTests.swift */ = {isa = PBXFileReference; lastKnownFileType = sourcecode.swift; path = fetch_take_home_test_iosTests.swift; sourceTree = "<group>"; };
		2844EB3B2B9D0965009903B3 /* fetch take home test iosUITests.xctest */ = {isa = PBXFileReference; explicitFileType = wrapper.cfbundle; includeInIndex = 0; path = "fetch take home test iosUITests.xctest"; sourceTree = BUILT_PRODUCTS_DIR; };
		2844EB3F2B9D0965009903B3 /* fetch_take_home_test_iosUITests.swift */ = {isa = PBXFileReference; lastKnownFileType = sourcecode.swift; path = fetch_take_home_test_iosUITests.swift; sourceTree = "<group>"; };
		2844EB412B9D0965009903B3 /* fetch_take_home_test_iosUITestsLaunchTests.swift */ = {isa = PBXFileReference; lastKnownFileType = sourcecode.swift; path = fetch_take_home_test_iosUITestsLaunchTests.swift; sourceTree = "<group>"; };
/* End PBXFileReference section */

/* Begin PBXFrameworksBuildPhase section */
		2844EB1E2B9D0963009903B3 /* Frameworks */ = {
			isa = PBXFrameworksBuildPhase;
			buildActionMask = 2147483647;
			files = (
			);
			runOnlyForDeploymentPostprocessing = 0;
		};
		2844EB2E2B9D0965009903B3 /* Frameworks */ = {
			isa = PBXFrameworksBuildPhase;
			buildActionMask = 2147483647;
			files = (
			);
			runOnlyForDeploymentPostprocessing = 0;
		};
		2844EB382B9D0965009903B3 /* Frameworks */ = {
			isa = PBXFrameworksBuildPhase;
			buildActionMask = 2147483647;
			files = (
			);
			runOnlyForDeploymentPostprocessing = 0;
		};
/* End PBXFrameworksBuildPhase section */

/* Begin PBXGroup section */
		2844EB182B9D0963009903B3 = {
			isa = PBXGroup;
			children = (
				2844EB232B9D0963009903B3 /* fetch take home test ios */,
				2844EB342B9D0965009903B3 /* fetch take home test iosTests */,
				2844EB3E2B9D0965009903B3 /* fetch take home test iosUITests */,
				2844EB222B9D0963009903B3 /* Products */,
			);
			sourceTree = "<group>";
		};
		2844EB222B9D0963009903B3 /* Products */ = {
			isa = PBXGroup;
			children = (
				2844EB212B9D0963009903B3 /* fetch take home test ios.app */,
				2844EB312B9D0965009903B3 /* fetch take home test iosTests.xctest */,
				2844EB3B2B9D0965009903B3 /* fetch take home test iosUITests.xctest */,
			);
			name = Products;
			sourceTree = "<group>";
		};
		2844EB232B9D0963009903B3 /* fetch take home test ios */ = {
			isa = PBXGroup;
			children = (
				2844EB242B9D0963009903B3 /* fetch_take_home_test_iosApp.swift */,
				2844EB262B9D0963009903B3 /* ContentView.swift */,
				2844EB282B9D0965009903B3 /* Assets.xcassets */,
				2844EB2A2B9D0965009903B3 /* Preview Content */,
			);
			path = "fetch take home test ios";
			sourceTree = "<group>";
		};
		2844EB2A2B9D0965009903B3 /* Preview Content */ = {
			isa = PBXGroup;
			children = (
				2844EB2B2B9D0965009903B3 /* Preview Assets.xcassets */,
			);
			path = "Preview Content";
			sourceTree = "<group>";
		};
		2844EB342B9D0965009903B3 /* fetch take home test iosTests */ = {
			isa = PBXGroup;
			children = (
				2844EB352B9D0965009903B3 /* fetch_take_home_test_iosTests.swift */,
			);
			path = "fetch take home test iosTests";
			sourceTree = "<group>";
		};
		2844EB3E2B9D0965009903B3 /* fetch take home test iosUITests */ = {
			isa = PBXGroup;
			children = (
				2844EB3F2B9D0965009903B3 /* fetch_take_home_test_iosUITests.swift */,
				2844EB412B9D0965009903B3 /* fetch_take_home_test_iosUITestsLaunchTests.swift */,
			);
			path = "fetch take home test iosUITests";
			sourceTree = "<group>";
		};
/* End PBXGroup section */

/* Begin PBXNativeTarget section */
		2844EB202B9D0963009903B3 /* fetch take home test ios */ = {
			isa = PBXNativeTarget;
			buildConfigurationList = 2844EB452B9D0965009903B3 /* Build configuration list for PBXNativeTarget "fetch take home test ios" */;
			buildPhases = (
				2844EB1D2B9D0963009903B3 /* Sources */,
				2844EB1E2B9D0963009903B3 /* Frameworks */,
				2844EB1F2B9D0963009903B3 /* Resources */,
			);
			buildRules = (
			);
			dependencies = (
			);
			name = "fetch take home test ios";
			productName = "fetch take home test ios";
			productReference = 2844EB212B9D0963009903B3 /* fetch take home test ios.app */;
			productType = "com.apple.product-type.application";
		};
		2844EB302B9D0965009903B3 /* fetch take home test iosTests */ = {
			isa = PBXNativeTarget;
			buildConfigurationList = 2844EB482B9D0965009903B3 /* Build configuration list for PBXNativeTarget "fetch take home test iosTests" */;
			buildPhases = (
				2844EB2D2B9D0965009903B3 /* Sources */,
				2844EB2E2B9D0965009903B3 /* Frameworks */,
				2844EB2F2B9D0965009903B3 /* Resources */,
			);
			buildRules = (
			);
			dependencies = (
				2844EB332B9D0965009903B3 /* PBXTargetDependency */,
			);
			name = "fetch take home test iosTests";
			productName = "fetch take home test iosTests";
			productReference = 2844EB312B9D0965009903B3 /* fetch take home test iosTests.xctest */;
			productType = "com.apple.product-type.bundle.unit-test";
		};
		2844EB3A2B9D0965009903B3 /* fetch take home test iosUITests */ = {
			isa = PBXNativeTarget;
			buildConfigurationList = 2844EB4B2B9D0965009903B3 /* Build configuration list for PBXNativeTarget "fetch take home test iosUITests" */;
			buildPhases = (
				2844EB372B9D0965009903B3 /* Sources */,
				2844EB382B9D0965009903B3 /* Frameworks */,
				2844EB392B9D0965009903B3 /* Resources */,
			);
			buildRules = (
			);
			dependencies = (
				2844EB3D2B9D0965009903B3 /* PBXTargetDependency */,
			);
			name = "fetch take home test iosUITests";
			productName = "fetch take home test iosUITests";
			productReference = 2844EB3B2B9D0965009903B3 /* fetch take home test iosUITests.xctest */;
			productType = "com.apple.product-type.bundle.ui-testing";
		};
/* End PBXNativeTarget section */

/* Begin PBXProject section */
		2844EB192B9D0963009903B3 /* Project object */ = {
			isa = PBXProject;
			attributes = {
				BuildIndependentTargetsInParallel = 1;
				LastSwiftUpdateCheck = 1520;
				LastUpgradeCheck = 1520;
				TargetAttributes = {
					2844EB202B9D0963009903B3 = {
						CreatedOnToolsVersion = 15.2;
					};
					2844EB302B9D0965009903B3 = {
						CreatedOnToolsVersion = 15.2;
						TestTargetID = 2844EB202B9D0963009903B3;
					};
					2844EB3A2B9D0965009903B3 = {
						CreatedOnToolsVersion = 15.2;
						TestTargetID = 2844EB202B9D0963009903B3;
					};
				};
			};
			buildConfigurationList = 2844EB1C2B9D0963009903B3 /* Build configuration list for PBXProject "fetch take home test ios" */;
			compatibilityVersion = "Xcode 14.0";
			developmentRegion = en;
			hasScannedForEncodings = 0;
			knownRegions = (
				en,
				Base,
			);
			mainGroup = 2844EB182B9D0963009903B3;
			productRefGroup = 2844EB222B9D0963009903B3 /* Products */;
			projectDirPath = "";
			projectRoot = "";
			targets = (
				2844EB202B9D0963009903B3 /* fetch take home test ios */,
				2844EB302B9D0965009903B3 /* fetch take home test iosTests */,
				2844EB3A2B9D0965009903B3 /* fetch take home test iosUITests */,
			);
		};
/* End PBXProject section */

/* Begin PBXResourcesBuildPhase section */
		2844EB1F2B9D0963009903B3 /* Resources */ = {
			isa = PBXResourcesBuildPhase;
			buildActionMask = 2147483647;
			files = (
				2844EB2C2B9D0965009903B3 /* Preview Assets.xcassets in Resources */,
				2844EB292B9D0965009903B3 /* Assets.xcassets in Resources */,
			);
			runOnlyForDeploymentPostprocessing = 0;
		};
		2844EB2F2B9D0965009903B3 /* Resources */ = {
			isa = PBXResourcesBuildPhase;
			buildActionMask = 2147483647;
			files = (
			);
			runOnlyForDeploymentPostprocessing = 0;
		};
		2844EB392B9D0965009903B3 /* Resources */ = {
			isa = PBXResourcesBuildPhase;
			buildActionMask = 2147483647;
			files = (
			);
			runOnlyForDeploymentPostprocessing = 0;
		};
/* End PBXResourcesBuildPhase section */

/* Begin PBXSourcesBuildPhase section */
		2844EB1D2B9D0963009903B3 /* Sources */ = {
			isa = PBXSourcesBuildPhase;
			buildActionMask = 2147483647;
			files = (
				2844EB272B9D0963009903B3 /* ContentView.swift in Sources */,
				2844EB252B9D0963009903B3 /* fetch_take_home_test_iosApp.swift in Sources */,
			);
			runOnlyForDeploymentPostprocessing = 0;
		};
		2844EB2D2B9D0965009903B3 /* Sources */ = {
			isa = PBXSourcesBuildPhase;
			buildActionMask = 2147483647;
			files = (
				2844EB362B9D0965009903B3 /* fetch_take_home_test_iosTests.swift in Sources */,
			);
			runOnlyForDeploymentPostprocessing = 0;
		};
		2844EB372B9D0965009903B3 /* Sources */ = {
			isa = PBXSourcesBuildPhase;
			buildActionMask = 2147483647;
			files = (
				2844EB402B9D0965009903B3 /* fetch_take_home_test_iosUITests.swift in Sources */,
				2844EB422B9D0965009903B3 /* fetch_take_home_test_iosUITestsLaunchTests.swift in Sources */,
			);
			runOnlyForDeploymentPostprocessing = 0;
		};
/* End PBXSourcesBuildPhase section */

/* Begin PBXTargetDependency section */
		2844EB332B9D0965009903B3 /* PBXTargetDependency */ = {
			isa = PBXTargetDependency;
			target = 2844EB202B9D0963009903B3 /* fetch take home test ios */;
			targetProxy = 2844EB322B9D0965009903B3 /* PBXContainerItemProxy */;
		};
		2844EB3D2B9D0965009903B3 /* PBXTargetDependency */ = {
			isa = PBXTargetDependency;
			target = 2844EB202B9D0963009903B3 /* fetch take home test ios */;
			targetProxy = 2844EB3C2B9D0965009903B3 /* PBXContainerItemProxy */;
		};
/* End PBXTargetDependency section */

/* Begin XCBuildConfiguration section */
		2844EB432B9D0965009903B3 /* Debug */ = {
			isa = XCBuildConfiguration;
			buildSettings = {
				ALWAYS_SEARCH_USER_PATHS = NO;
				ASSETCATALOG_COMPILER_GENERATE_SWIFT_ASSET_SYMBOL_EXTENSIONS = YES;
				CLANG_ANALYZER_NONNULL = YES;
				CLANG_ANALYZER_NUMBER_OBJECT_CONVERSION = YES_AGGRESSIVE;
				CLANG_CXX_LANGUAGE_STANDARD = "gnu++20";
				CLANG_ENABLE_MODULES = YES;
				CLANG_ENABLE_OBJC_ARC = YES;
				CLANG_ENABLE_OBJC_WEAK = YES;
				CLANG_WARN_BLOCK_CAPTURE_AUTORELEASING = YES;
				CLANG_WARN_BOOL_CONVERSION = YES;
				CLANG_WARN_COMMA = YES;
				CLANG_WARN_CONSTANT_CONVERSION = YES;
				CLANG_WARN_DEPRECATED_OBJC_IMPLEMENTATIONS = YES;
				CLANG_WARN_DIRECT_OBJC_ISA_USAGE = YES_ERROR;
				CLANG_WARN_DOCUMENTATION_COMMENTS = YES;
				CLANG_WARN_EMPTY_BODY = YES;
				CLANG_WARN_ENUM_CONVERSION = YES;
				CLANG_WARN_INFINITE_RECURSION = YES;
				CLANG_WARN_INT_CONVERSION = YES;
				CLANG_WARN_NON_LITERAL_NULL_CONVERSION = YES;
				CLANG_WARN_OBJC_IMPLICIT_RETAIN_SELF = YES;
				CLANG_WARN_OBJC_LITERAL_CONVERSION = YES;
				CLANG_WARN_OBJC_ROOT_CLASS = YES_ERROR;
				CLANG_WARN_QUOTED_INCLUDE_IN_FRAMEWORK_HEADER = YES;
				CLANG_WARN_RANGE_LOOP_ANALYSIS = YES;
				CLANG_WARN_STRICT_PROTOTYPES = YES;
				CLANG_WARN_SUSPICIOUS_MOVE = YES;
				CLANG_WARN_UNGUARDED_AVAILABILITY = YES_AGGRESSIVE;
				CLANG_WARN_UNREACHABLE_CODE = YES;
				CLANG_WARN__DUPLICATE_METHOD_MATCH = YES;
				COPY_PHASE_STRIP = NO;
				DEBUG_INFORMATION_FORMAT = dwarf;
				ENABLE_STRICT_OBJC_MSGSEND = YES;
				ENABLE_TESTABILITY = YES;
				ENABLE_USER_SCRIPT_SANDBOXING = YES;
				GCC_C_LANGUAGE_STANDARD = gnu17;
				GCC_DYNAMIC_NO_PIC = NO;
				GCC_NO_COMMON_BLOCKS = YES;
				GCC_OPTIMIZATION_LEVEL = 0;
				GCC_PREPROCESSOR_DEFINITIONS = (
					"DEBUG=1",
					"$(inherited)",
				);
				GCC_WARN_64_TO_32_BIT_CONVERSION = YES;
				GCC_WARN_ABOUT_RETURN_TYPE = YES_ERROR;
				GCC_WARN_UNDECLARED_SELECTOR = YES;
				GCC_WARN_UNINITIALIZED_AUTOS = YES_AGGRESSIVE;
				GCC_WARN_UNUSED_FUNCTION = YES;
				GCC_WARN_UNUSED_VARIABLE = YES;
				IPHONEOS_DEPLOYMENT_TARGET = 17.2;
				LOCALIZATION_PREFERS_STRING_CATALOGS = YES;
				MTL_ENABLE_DEBUG_INFO = INCLUDE_SOURCE;
				MTL_FAST_MATH = YES;
				ONLY_ACTIVE_ARCH = YES;
				SDKROOT = iphoneos;
				SWIFT_ACTIVE_COMPILATION_CONDITIONS = "DEBUG $(inherited)";
				SWIFT_OPTIMIZATION_LEVEL = "-Onone";
			};
			name = Debug;
		};
		2844EB442B9D0965009903B3 /* Release */ = {
			isa = XCBuildConfiguration;
			buildSettings = {
				ALWAYS_SEARCH_USER_PATHS = NO;
				ASSETCATALOG_COMPILER_GENERATE_SWIFT_ASSET_SYMBOL_EXTENSIONS = YES;
				CLANG_ANALYZER_NONNULL = YES;
				CLANG_ANALYZER_NUMBER_OBJECT_CONVERSION = YES_AGGRESSIVE;
				CLANG_CXX_LANGUAGE_STANDARD = "gnu++20";
				CLANG_ENABLE_MODULES = YES;
				CLANG_ENABLE_OBJC_ARC = YES;
				CLANG_ENABLE_OBJC_WEAK = YES;
				CLANG_WARN_BLOCK_CAPTURE_AUTORELEASING = YES;
				CLANG_WARN_BOOL_CONVERSION = YES;
				CLANG_WARN_COMMA = YES;
				CLANG_WARN_CONSTANT_CONVERSION = YES;
				CLANG_WARN_DEPRECATED_OBJC_IMPLEMENTATIONS = YES;
				CLANG_WARN_DIRECT_OBJC_ISA_USAGE = YES_ERROR;
				CLANG_WARN_DOCUMENTATION_COMMENTS = YES;
				CLANG_WARN_EMPTY_BODY = YES;
				CLANG_WARN_ENUM_CONVERSION = YES;
				CLANG_WARN_INFINITE_RECURSION = YES;
				CLANG_WARN_INT_CONVERSION = YES;
				CLANG_WARN_NON_LITERAL_NULL_CONVERSION = YES;
				CLANG_WARN_OBJC_IMPLICIT_RETAIN_SELF = YES;
				CLANG_WARN_OBJC_LITERAL_CONVERSION = YES;
				CLANG_WARN_OBJC_ROOT_CLASS = YES_ERROR;
				CLANG_WARN_QUOTED_INCLUDE_IN_FRAMEWORK_HEADER = YES;
				CLANG_WARN_RANGE_LOOP_ANALYSIS = YES;
				CLANG_WARN_STRICT_PROTOTYPES = YES;
				CLANG_WARN_SUSPICIOUS_MOVE = YES;
				CLANG_WARN_UNGUARDED_AVAILABILITY = YES_AGGRESSIVE;
				CLANG_WARN_UNREACHABLE_CODE = YES;
				CLANG_WARN__DUPLICATE_METHOD_MATCH = YES;
				COPY_PHASE_STRIP = NO;
				DEBUG_INFORMATION_FORMAT = "dwarf-with-dsym";
				ENABLE_NS_ASSERTIONS = NO;
				ENABLE_STRICT_OBJC_MSGSEND = YES;
				ENABLE_USER_SCRIPT_SANDBOXING = YES;
				GCC_C_LANGUAGE_STANDARD = gnu17;
				GCC_NO_COMMON_BLOCKS = YES;
				GCC_WARN_64_TO_32_BIT_CONVERSION = YES;
				GCC_WARN_ABOUT_RETURN_TYPE = YES_ERROR;
				GCC_WARN_UNDECLARED_SELECTOR = YES;
				GCC_WARN_UNINITIALIZED_AUTOS = YES_AGGRESSIVE;
				GCC_WARN_UNUSED_FUNCTION = YES;
				GCC_WARN_UNUSED_VARIABLE = YES;
				IPHONEOS_DEPLOYMENT_TARGET = 17.2;
				LOCALIZATION_PREFERS_STRING_CATALOGS = YES;
				MTL_ENABLE_DEBUG_INFO = NO;
				MTL_FAST_MATH = YES;
				SDKROOT = iphoneos;
				SWIFT_COMPILATION_MODE = wholemodule;
				VALIDATE_PRODUCT = YES;
			};
			name = Release;
		};
		2844EB462B9D0965009903B3 /* Debug */ = {
			isa = XCBuildConfiguration;
			buildSettings = {
				ASSETCATALOG_COMPILER_APPICON_NAME = AppIcon;
				ASSETCATALOG_COMPILER_GLOBAL_ACCENT_COLOR_NAME = AccentColor;
				CODE_SIGN_STYLE = Automatic;
				CURRENT_PROJECT_VERSION = 1;
				DEVELOPMENT_ASSET_PATHS = "\"fetch take home test ios/Preview Content\"";
				ENABLE_PREVIEWS = YES;
				GENERATE_INFOPLIST_FILE = YES;
				INFOPLIST_KEY_UIApplicationSceneManifest_Generation = YES;
				INFOPLIST_KEY_UIApplicationSupportsIndirectInputEvents = YES;
				INFOPLIST_KEY_UILaunchScreen_Generation = YES;
				INFOPLIST_KEY_UISupportedInterfaceOrientations_iPad = "UIInterfaceOrientationPortrait UIInterfaceOrientationPortraitUpsideDown UIInterfaceOrientationLandscapeLeft UIInterfaceOrientationLandscapeRight";
				INFOPLIST_KEY_UISupportedInterfaceOrientations_iPhone = "UIInterfaceOrientationPortrait UIInterfaceOrientationLandscapeLeft UIInterfaceOrientationLandscapeRight";
				LD_RUNPATH_SEARCH_PATHS = (
					"$(inherited)",
					"@executable_path/Frameworks",
				);
				MARKETING_VERSION = 1.0;
				PRODUCT_BUNDLE_IDENTIFIER = "kareem.fetch-take-home-test-ios";
				PRODUCT_NAME = "$(TARGET_NAME)";
				SWIFT_EMIT_LOC_STRINGS = YES;
				SWIFT_VERSION = 5.0;
				TARGETED_DEVICE_FAMILY = "1,2";
			};
			name = Debug;
		};
		2844EB472B9D0965009903B3 /* Release */ = {
			isa = XCBuildConfiguration;
			buildSettings = {
				ASSETCATALOG_COMPILER_APPICON_NAME = AppIcon;
				ASSETCATALOG_COMPILER_GLOBAL_ACCENT_COLOR_NAME = AccentColor;
				CODE_SIGN_STYLE = Automatic;
				CURRENT_PROJECT_VERSION = 1;
				DEVELOPMENT_ASSET_PATHS = "\"fetch take home test ios/Preview Content\"";
				ENABLE_PREVIEWS = YES;
				GENERATE_INFOPLIST_FILE = YES;
				INFOPLIST_KEY_UIApplicationSceneManifest_Generation = YES;
				INFOPLIST_KEY_UIApplicationSupportsIndirectInputEvents = YES;
				INFOPLIST_KEY_UILaunchScreen_Generation = YES;
				INFOPLIST_KEY_UISupportedInterfaceOrientations_iPad = "UIInterfaceOrientationPortrait UIInterfaceOrientationPortraitUpsideDown UIInterfaceOrientationLandscapeLeft UIInterfaceOrientationLandscapeRight";
				INFOPLIST_KEY_UISupportedInterfaceOrientations_iPhone = "UIInterfaceOrientationPortrait UIInterfaceOrientationLandscapeLeft UIInterfaceOrientationLandscapeRight";
				LD_RUNPATH_SEARCH_PATHS = (
					"$(inherited)",
					"@executable_path/Frameworks",
				);
				MARKETING_VERSION = 1.0;
				PRODUCT_BUNDLE_IDENTIFIER = "kareem.fetch-take-home-test-ios";
				PRODUCT_NAME = "$(TARGET_NAME)";
				SWIFT_EMIT_LOC_STRINGS = YES;
				SWIFT_VERSION = 5.0;
				TARGETED_DEVICE_FAMILY = "1,2";
			};
			name = Release;
		};
		2844EB492B9D0965009903B3 /* Debug */ = {
			isa = XCBuildConfiguration;
			buildSettings = {
				ALWAYS_EMBED_SWIFT_STANDARD_LIBRARIES = YES;
				BUNDLE_LOADER = "$(TEST_HOST)";
				CODE_SIGN_STYLE = Automatic;
				CURRENT_PROJECT_VERSION = 1;
				GENERATE_INFOPLIST_FILE = YES;
				IPHONEOS_DEPLOYMENT_TARGET = 17.2;
				MARKETING_VERSION = 1.0;
				PRODUCT_BUNDLE_IDENTIFIER = "kareem.fetch-take-home-test-iosTests";
				PRODUCT_NAME = "$(TARGET_NAME)";
				SWIFT_EMIT_LOC_STRINGS = NO;
				SWIFT_VERSION = 5.0;
				TARGETED_DEVICE_FAMILY = "1,2";
				TEST_HOST = "$(BUILT_PRODUCTS_DIR)/fetch take home test ios.app/$(BUNDLE_EXECUTABLE_FOLDER_PATH)/fetch take home test ios";
			};
			name = Debug;
		};
		2844EB4A2B9D0965009903B3 /* Release */ = {
			isa = XCBuildConfiguration;
			buildSettings = {
				ALWAYS_EMBED_SWIFT_STANDARD_LIBRARIES = YES;
				BUNDLE_LOADER = "$(TEST_HOST)";
				CODE_SIGN_STYLE = Automatic;
				CURRENT_PROJECT_VERSION = 1;
				GENERATE_INFOPLIST_FILE = YES;
				IPHONEOS_DEPLOYMENT_TARGET = 17.2;
				MARKETING_VERSION = 1.0;
				PRODUCT_BUNDLE_IDENTIFIER = "kareem.fetch-take-home-test-iosTests";
				PRODUCT_NAME = "$(TARGET_NAME)";
				SWIFT_EMIT_LOC_STRINGS = NO;
				SWIFT_VERSION = 5.0;
				TARGETED_DEVICE_FAMILY = "1,2";
				TEST_HOST = "$(BUILT_PRODUCTS_DIR)/fetch take home test ios.app/$(BUNDLE_EXECUTABLE_FOLDER_PATH)/fetch take home test ios";
			};
			name = Release;
		};
		2844EB4C2B9D0965009903B3 /* Debug */ = {
			isa = XCBuildConfiguration;
			buildSettings = {
				ALWAYS_EMBED_SWIFT_STANDARD_LIBRARIES = YES;
				CODE_SIGN_STYLE = Automatic;
				CURRENT_PROJECT_VERSION = 1;
				GENERATE_INFOPLIST_FILE = YES;
				MARKETING_VERSION = 1.0;
				PRODUCT_BUNDLE_IDENTIFIER = "kareem.fetch-take-home-test-iosUITests";
				PRODUCT_NAME = "$(TARGET_NAME)";
				SWIFT_EMIT_LOC_STRINGS = NO;
				SWIFT_VERSION = 5.0;
				TARGETED_DEVICE_FAMILY = "1,2";
				TEST_TARGET_NAME = "fetch take home test ios";
			};
			name = Debug;
		};
		2844EB4D2B9D0965009903B3 /* Release */ = {
			isa = XCBuildConfiguration;
			buildSettings = {
				ALWAYS_EMBED_SWIFT_STANDARD_LIBRARIES = YES;
				CODE_SIGN_STYLE = Automatic;
				CURRENT_PROJECT_VERSION = 1;
				GENERATE_INFOPLIST_FILE = YES;
				MARKETING_VERSION = 1.0;
				PRODUCT_BUNDLE_IDENTIFIER = "kareem.fetch-take-home-test-iosUITests";
				PRODUCT_NAME = "$(TARGET_NAME)";
				SWIFT_EMIT_LOC_STRINGS = NO;
				SWIFT_VERSION = 5.0;
				TARGETED_DEVICE_FAMILY = "1,2";
				TEST_TARGET_NAME = "fetch take home test ios";
			};
			name = Release;
		};
/* End XCBuildConfiguration section */

/* Begin XCConfigurationList section */
		2844EB1C2B9D0963009903B3 /* Build configuration list for PBXProject "fetch take home test ios" */ = {
			isa = XCConfigurationList;
			buildConfigurations = (
				2844EB432B9D0965009903B3 /* Debug */,
				2844EB442B9D0965009903B3 /* Release */,
			);
			defaultConfigurationIsVisible = 0;
			defaultConfigurationName = Release;
		};
		2844EB452B9D0965009903B3 /* Build configuration list for PBXNativeTarget "fetch take home test ios" */ = {
			isa = XCConfigurationList;
			buildConfigurations = (
				2844EB462B9D0965009903B3 /* Debug */,
				2844EB472B9D0965009903B3 /* Release */,
			);
			defaultConfigurationIsVisible = 0;
			defaultConfigurationName = Release;
		};
		2844EB482B9D0965009903B3 /* Build configuration list for PBXNativeTarget "fetch take home test iosTests" */ = {
			isa = XCConfigurationList;
			buildConfigurations = (
				2844EB492B9D0965009903B3 /* Debug */,
				2844EB4A2B9D0965009903B3 /* Release */,
			);
			defaultConfigurationIsVisible = 0;
			defaultConfigurationName = Release;
		};
		2844EB4B2B9D0965009903B3 /* Build configuration list for PBXNativeTarget "fetch take home test iosUITests" */ = {
			isa = XCConfigurationList;
			buildConfigurations = (
				2844EB4C2B9D0965009903B3 /* Debug */,
				2844EB4D2B9D0965009903B3 /* Release */,
			);
			defaultConfigurationIsVisible = 0;
			defaultConfigurationName = Release;
		};
/* End XCConfigurationList section */
	};
	rootObject = 2844EB192B9D0963009903B3 /* Project object */;
}
